
Microsoft Visual Studio Solution File, Format Version 12.00
# Visual Studio Version 17
VisualStudioVersion = 17.7.34024.191
MinimumVisualStudioVersion = 10.0.40219.1
Project("{FAE04EC0-301F-11D3-BF4B-00C04F79EFBC}") = "Билет_20", "Билет_20.csproj", "{3B85FD80-EFF9-4879-8B8F-F803B8834F83}"
EndProject
Global
	GlobalSection(SolutionConfigurationPlatforms) = preSolution
		Debug|Any CPU = Debug|Any CPU
		Release|Any CPU = Release|Any CPU
	EndGlobalSection
	GlobalSection(ProjectConfigurationPlatforms) = postSolution
		{3B85FD80-EFF9-4879-8B8F-F803B8834F83}.Debug|Any CPU.ActiveCfg = Debug|Any CPU
		{3B85FD80-EFF9-4879-8B8F-F803B8834F83}.Debug|Any CPU.Build.0 = Debug|Any CPU
		{3B85FD80-EFF9-4879-8B8F-F803B8834F83}.Release|Any CPU.ActiveCfg = Release|Any CPU
		{3B85FD80-EFF9-4879-8B8F-F803B8834F83}.Release|Any CPU.Build.0 = Release|Any CPU
	EndGlobalSection
	GlobalSection(SolutionProperties) = preSolution
		HideSolutionNode = FALSE
	EndGlobalSection
	GlobalSection(ExtensibilityGlobals) = postSolution
		SolutionGuid = {2FD4E9F6-EDA0-496A-BB36-7DADAA8FB8D8}
	EndGlobalSection
EndGlobal
